dependencies:
- name: mongodb
  repository: https://kubernetes-charts.storage.googleapis.com
  version: 0.4.9
- name: redis
  repository: https://kubernetes-charts.storage.googleapis.com
  version: 1.1.19
- name: elasticsearch
  repository: https://charts.bitnami.com/bitnami
  version: 2.0.2
digest: sha256:8af70557c14bda933f948ec64fd1bf82f38c0d2b6a7b4862046273ff377f667d
generated: 2018-09-06T05:41:43.013641342+09:00
